
Microsoft Visual Studio Solution File, Format Version 12.00
# Visual Studio Version 17
VisualStudioVersion = 17.14.36301.6 d17.14
MinimumVisualStudioVersion = 10.0.40219.1
Project("{FAE04EC0-301F-11D3-BF4B-00C04F79EFBC}") = "EncryptionAlgortihm", "EncryptionAlgortihm\EncryptionAlgortihm.csproj", "{4F29AEC3-9DC3-4CF7-A9C9-E24668989961}"
EndProject
Global
	GlobalSection(SolutionConfigurationPlatforms) = preSolution
		Debug|Any CPU = Debug|Any CPU
		Release|Any CPU = Release|Any CPU
	EndGlobalSection
	GlobalSection(ProjectConfigurationPlatforms) = postSolution
		{4F29AEC3-9DC3-4CF7-A9C9-E24668989961}.Debug|Any CPU.ActiveCfg = Debug|Any CPU
		{4F29AEC3-9DC3-4CF7-A9C9-E24668989961}.Debug|Any CPU.Build.0 = Debug|Any CPU
		{4F29AEC3-9DC3-4CF7-A9C9-E24668989961}.Release|Any CPU.ActiveCfg = Release|Any CPU
		{4F29AEC3-9DC3-4CF7-A9C9-E24668989961}.Release|Any CPU.Build.0 = Release|Any CPU
	EndGlobalSection
	GlobalSection(SolutionProperties) = preSolution
		HideSolutionNode = FALSE
	EndGlobalSection
	GlobalSection(ExtensibilityGlobals) = postSolution
		SolutionGuid = {92331DFE-3783-4635-AF5C-C778E59614B3}
	EndGlobalSection
EndGlobal
